
Microsoft Visual Studio Solution File, Format Version 12.00
# Visual Studio Version 17
VisualStudioVersion = 17.14.36301.6 d17.14
MinimumVisualStudioVersion = 10.0.40219.1
Project("{FAE04EC0-301F-11D3-BF4B-00C04F79EFBC}") = "SCAddonInstaller", "SCAddonInstaller.csproj", "{B385AE18-8CB3-44B7-A5C2-DBBAE5258D3E}"
EndProject
Global
	GlobalSection(SolutionConfigurationPlatforms) = preSolution
		Debug|Any CPU = Debug|Any CPU
		Release|Any CPU = Release|Any CPU
	EndGlobalSection
	GlobalSection(ProjectConfigurationPlatforms) = postSolution
		{B385AE18-8CB3-44B7-A5C2-DBBAE5258D3E}.Debug|Any CPU.ActiveCfg = Debug|Any CPU
		{B385AE18-8CB3-44B7-A5C2-DBBAE5258D3E}.Debug|Any CPU.Build.0 = Debug|Any CPU
		{B385AE18-8CB3-44B7-A5C2-DBBAE5258D3E}.Release|Any CPU.ActiveCfg = Release|Any CPU
		{B385AE18-8CB3-44B7-A5C2-DBBAE5258D3E}.Release|Any CPU.Build.0 = Release|Any CPU
	EndGlobalSection
	GlobalSection(SolutionProperties) = preSolution
		HideSolutionNode = FALSE
	EndGlobalSection
	GlobalSection(ExtensibilityGlobals) = postSolution
		SolutionGuid = {2C06955C-5890-4B38-AABA-F41D94F67FF4}
	EndGlobalSection
EndGlobal
